
Microsoft Visual Studio Solution File, Format Version 12.00
# Visual Studio Version 16
VisualStudioVersion = 16.0.30011.22
MinimumVisualStudioVersion = 10.0.40219.1
Project("{FAE04EC0-301F-11D3-BF4B-00C04F79EFBC}") = "LinQTest01", "LinQTest01.csproj", "{561128A0-16A7-4E6F-B9B9-644925494F63}"
EndProject
Global
	GlobalSection(SolutionConfigurationPlatforms) = preSolution
		Debug|Any CPU = Debug|Any CPU
		Release|Any CPU = Release|Any CPU
	EndGlobalSection
	GlobalSection(ProjectConfigurationPlatforms) = postSolution
		{561128A0-16A7-4E6F-B9B9-644925494F63}.Debug|Any CPU.ActiveCfg = Debug|Any CPU
		{561128A0-16A7-4E6F-B9B9-644925494F63}.Debug|Any CPU.Build.0 = Debug|Any CPU
		{561128A0-16A7-4E6F-B9B9-644925494F63}.Release|Any CPU.ActiveCfg = Release|Any CPU
		{561128A0-16A7-4E6F-B9B9-644925494F63}.Release|Any CPU.Build.0 = Release|Any CPU
	EndGlobalSection
	GlobalSection(SolutionProperties) = preSolution
		HideSolutionNode = FALSE
	EndGlobalSection
	GlobalSection(ExtensibilityGlobals) = postSolution
		SolutionGuid = {25051E46-AE6C-4CEE-8974-26253477DF4C}
	EndGlobalSection
EndGlobal
